
Microsoft Visual Studio Solution File, Format Version 12.00
# Visual Studio Version 16
VisualStudioVersion = 16.0.31025.194
MinimumVisualStudioVersion = 10.0.40219.1
Project("{FAE04EC0-301F-11D3-BF4B-00C04F79EFBC}") = "Nacimiento_DiegoAyala", "Nacimiento_DiegoAyala\Nacimiento_DiegoAyala.csproj", "{CE8E562E-29CF-46C8-887A-F1B187BE94B4}"
EndProject
Global
	GlobalSection(SolutionConfigurationPlatforms) = preSolution
		Debug|Any CPU = Debug|Any CPU
		Release|Any CPU = Release|Any CPU
	EndGlobalSection
	GlobalSection(ProjectConfigurationPlatforms) = postSolution
		{CE8E562E-29CF-46C8-887A-F1B187BE94B4}.Debug|Any CPU.ActiveCfg = Debug|Any CPU
		{CE8E562E-29CF-46C8-887A-F1B187BE94B4}.Debug|Any CPU.Build.0 = Debug|Any CPU
		{CE8E562E-29CF-46C8-887A-F1B187BE94B4}.Release|Any CPU.ActiveCfg = Release|Any CPU
		{CE8E562E-29CF-46C8-887A-F1B187BE94B4}.Release|Any CPU.Build.0 = Release|Any CPU
	EndGlobalSection
	GlobalSection(SolutionProperties) = preSolution
		HideSolutionNode = FALSE
	EndGlobalSection
	GlobalSection(ExtensibilityGlobals) = postSolution
		SolutionGuid = {B2BCEAD7-3B18-48DB-8BC0-DE6BCFF2F6B5}
	EndGlobalSection
EndGlobal
